
Microsoft Visual Studio Solution File, Format Version 12.00
# Visual Studio Version 17
VisualStudioVersion = 17.3.32922.545
MinimumVisualStudioVersion = 10.0.40219.1
Project("{FAE04EC0-301F-11D3-BF4B-00C04F79EFBC}") = "APIEsercizio", "APIEsercizio\APIEsercizio.csproj", "{8D968F96-C541-42F7-A24C-F42D11B47F62}"
EndProject
Global
	GlobalSection(SolutionConfigurationPlatforms) = preSolution
		Debug|Any CPU = Debug|Any CPU
		Release|Any CPU = Release|Any CPU
	EndGlobalSection
	GlobalSection(ProjectConfigurationPlatforms) = postSolution
		{8D968F96-C541-42F7-A24C-F42D11B47F62}.Debug|Any CPU.ActiveCfg = Debug|Any CPU
		{8D968F96-C541-42F7-A24C-F42D11B47F62}.Debug|Any CPU.Build.0 = Debug|Any CPU
		{8D968F96-C541-42F7-A24C-F42D11B47F62}.Release|Any CPU.ActiveCfg = Release|Any CPU
		{8D968F96-C541-42F7-A24C-F42D11B47F62}.Release|Any CPU.Build.0 = Release|Any CPU
	EndGlobalSection
	GlobalSection(SolutionProperties) = preSolution
		HideSolutionNode = FALSE
	EndGlobalSection
	GlobalSection(ExtensibilityGlobals) = postSolution
		SolutionGuid = {211C014D-95BF-434D-939C-7605FA3F9602}
	EndGlobalSection
EndGlobal
